
Microsoft Visual Studio Solution File, Format Version 12.00
# Visual Studio Version 16
VisualStudioVersion = 16.0.29613.14
MinimumVisualStudioVersion = 10.0.40219.1
Project("{FAE04EC0-301F-11D3-BF4B-00C04F79EFBC}") = "FLAVIO_12_3A1", "FLAVIO_12_3A1.csproj", "{A97B0766-F41E-4CEE-A781-F7E955399B20}"
EndProject
Global
	GlobalSection(SolutionConfigurationPlatforms) = preSolution
		Debug|Any CPU = Debug|Any CPU
		Release|Any CPU = Release|Any CPU
	EndGlobalSection
	GlobalSection(ProjectConfigurationPlatforms) = postSolution
		{A97B0766-F41E-4CEE-A781-F7E955399B20}.Debug|Any CPU.ActiveCfg = Debug|Any CPU
		{A97B0766-F41E-4CEE-A781-F7E955399B20}.Debug|Any CPU.Build.0 = Debug|Any CPU
		{A97B0766-F41E-4CEE-A781-F7E955399B20}.Release|Any CPU.ActiveCfg = Release|Any CPU
		{A97B0766-F41E-4CEE-A781-F7E955399B20}.Release|Any CPU.Build.0 = Release|Any CPU
	EndGlobalSection
	GlobalSection(SolutionProperties) = preSolution
		HideSolutionNode = FALSE
	EndGlobalSection
	GlobalSection(ExtensibilityGlobals) = postSolution
		SolutionGuid = {FA06D3F1-57D0-40DE-98C9-FEC54A13BC92}
	EndGlobalSection
EndGlobal
